
Microsoft Visual Studio Solution File, Format Version 12.00
# Visual Studio 15
VisualStudioVersion = 15.0.27703.2000
MinimumVisualStudioVersion = 10.0.40219.1
Project("{FAE04EC0-301F-11D3-BF4B-00C04F79EFBC}") = "Greeting", "BasicSyntaxLab\Greeting.csproj", "{4465F649-B4BA-47C2-B624-4D1CC24466B9}"
EndProject
Project("{FAE04EC0-301F-11D3-BF4B-00C04F79EFBC}") = "Add-Two-Numbers", "Add-Two-Numbers\Add-Two-Numbers.csproj", "{346C6C5B-B79A-48BA-9BCB-9044F0A5D57E}"
EndProject
Project("{FAE04EC0-301F-11D3-BF4B-00C04F79EFBC}") = "Employee-Data", "Employee-Data\Employee-Data.csproj", "{1B3A1C1C-41C6-461E-8490-E24FC32292B9}"
EndProject
Global
	GlobalSection(SolutionConfigurationPlatforms) = preSolution
		Debug|Any CPU = Debug|Any CPU
		Release|Any CPU = Release|Any CPU
	EndGlobalSection
	GlobalSection(ProjectConfigurationPlatforms) = postSolution
		{4465F649-B4BA-47C2-B624-4D1CC24466B9}.Debug|Any CPU.ActiveCfg = Debug|Any CPU
		{4465F649-B4BA-47C2-B624-4D1CC24466B9}.Debug|Any CPU.Build.0 = Debug|Any CPU
		{4465F649-B4BA-47C2-B624-4D1CC24466B9}.Release|Any CPU.ActiveCfg = Release|Any CPU
		{4465F649-B4BA-47C2-B624-4D1CC24466B9}.Release|Any CPU.Build.0 = Release|Any CPU
		{346C6C5B-B79A-48BA-9BCB-9044F0A5D57E}.Debug|Any CPU.ActiveCfg = Debug|Any CPU
		{346C6C5B-B79A-48BA-9BCB-9044F0A5D57E}.Debug|Any CPU.Build.0 = Debug|Any CPU
		{346C6C5B-B79A-48BA-9BCB-9044F0A5D57E}.Release|Any CPU.ActiveCfg = Release|Any CPU
		{346C6C5B-B79A-48BA-9BCB-9044F0A5D57E}.Release|Any CPU.Build.0 = Release|Any CPU
		{1B3A1C1C-41C6-461E-8490-E24FC32292B9}.Debug|Any CPU.ActiveCfg = Debug|Any CPU
		{1B3A1C1C-41C6-461E-8490-E24FC32292B9}.Debug|Any CPU.Build.0 = Debug|Any CPU
		{1B3A1C1C-41C6-461E-8490-E24FC32292B9}.Release|Any CPU.ActiveCfg = Release|Any CPU
		{1B3A1C1C-41C6-461E-8490-E24FC32292B9}.Release|Any CPU.Build.0 = Release|Any CPU
	EndGlobalSection
	GlobalSection(SolutionProperties) = preSolution
		HideSolutionNode = FALSE
	EndGlobalSection
	GlobalSection(ExtensibilityGlobals) = postSolution
		SolutionGuid = {11D397BB-8495-4052-BEF5-62619F389407}
	EndGlobalSection
EndGlobal
